
Microsoft Visual Studio Solution File, Format Version 12.00
# Visual Studio 15
VisualStudioVersion = 15.0.28307.329
MinimumVisualStudioVersion = 10.0.40219.1
Project("{FAE04EC0-301F-11D3-BF4B-00C04F79EFBC}") = "FastFoodRestaurant", "FastFoodRestaurant\FastFoodRestaurant.csproj", "{A599DBC8-DEB8-45EA-9B2E-579E7184B937}"
EndProject
Global
	GlobalSection(SolutionConfigurationPlatforms) = preSolution
		Debug|Any CPU = Debug|Any CPU
		Release|Any CPU = Release|Any CPU
	EndGlobalSection
	GlobalSection(ProjectConfigurationPlatforms) = postSolution
		{A599DBC8-DEB8-45EA-9B2E-579E7184B937}.Debug|Any CPU.ActiveCfg = Debug|Any CPU
		{A599DBC8-DEB8-45EA-9B2E-579E7184B937}.Debug|Any CPU.Build.0 = Debug|Any CPU
		{A599DBC8-DEB8-45EA-9B2E-579E7184B937}.Release|Any CPU.ActiveCfg = Release|Any CPU
		{A599DBC8-DEB8-45EA-9B2E-579E7184B937}.Release|Any CPU.Build.0 = Release|Any CPU
	EndGlobalSection
	GlobalSection(SolutionProperties) = preSolution
		HideSolutionNode = FALSE
	EndGlobalSection
	GlobalSection(ExtensibilityGlobals) = postSolution
		SolutionGuid = {26C4DE44-3310-4987-A593-E6E088C0CD21}
	EndGlobalSection
EndGlobal
